// !$*UTF8*$!
{
	archiveVersion = 1;
	classes = {
	};
	objectVersion = 55;
	objects = {

/* Begin PBXBuildFile section */
		B11F8E8928B3A033002D3121 /* Favorite+CoreDataClass.swift in Sources */ = {isa = PBXBuildFile; fileRef = B11F8E8728B3A033002D3121 /* Favorite+CoreDataClass.swift */; };
		B11F8E8A28B3A033002D3121 /* Favorite+CoreDataProperties.swift in Sources */ = {isa = PBXBuildFile; fileRef = B11F8E8828B3A033002D3121 /* Favorite+CoreDataProperties.swift */; };
		B11F8E8D28B3A2F1002D3121 /* CoreDataFavoriteHelper.swift in Sources */ = {isa = PBXBuildFile; fileRef = B11F8E8C28B3A2F1002D3121 /* CoreDataFavoriteHelper.swift */; };
		B11F8E8F28B3A76F002D3121 /* FavoritesTableViewCell.swift in Sources */ = {isa = PBXBuildFile; fileRef = B11F8E8E28B3A76F002D3121 /* FavoritesTableViewCell.swift */; };
		B137505C28B12EA000A51DE9 /* FavoritesViewModel.swift in Sources */ = {isa = PBXBuildFile; fileRef = B137505B28B12EA000A51DE9 /* FavoritesViewModel.swift */; };
		B137505F28B136D600A51DE9 /* UIViewController+Extension.swift in Sources */ = {isa = PBXBuildFile; fileRef = B137505E28B136D600A51DE9 /* UIViewController+Extension.swift */; };
		B140412528ACE2BC00B0CB57 /* NetworkManager.swift in Sources */ = {isa = PBXBuildFile; fileRef = B140412428ACE2BC00B0CB57 /* NetworkManager.swift */; };
		B140412B28AD101000B0CB57 /* Alamofire in Frameworks */ = {isa = PBXBuildFile; productRef = B140412A28AD101000B0CB57 /* Alamofire */; };
		B140412D28AD1A2C00B0CB57 /* GameService.swift in Sources */ = {isa = PBXBuildFile; fileRef = B140412C28AD1A2C00B0CB57 /* GameService.swift */; };
		B140413028AD1B3800B0CB57 /* HomeViewModel.swift in Sources */ = {isa = PBXBuildFile; fileRef = B140412F28AD1B3800B0CB57 /* HomeViewModel.swift */; };
		B140413228AD209B00B0CB57 /* GameModel.swift in Sources */ = {isa = PBXBuildFile; fileRef = B140413128AD209B00B0CB57 /* GameModel.swift */; };
		B140413528AD315300B0CB57 /* MainTabBarViewController.swift in Sources */ = {isa = PBXBuildFile; fileRef = B140413428AD315300B0CB57 /* MainTabBarViewController.swift */; };
		B140413828AD31D500B0CB57 /* FavoritesViewController.swift in Sources */ = {isa = PBXBuildFile; fileRef = B140413728AD31D500B0CB57 /* FavoritesViewController.swift */; };
		B1553DCB28AC25620001C85E /* AppDelegate.swift in Sources */ = {isa = PBXBuildFile; fileRef = B1553DCA28AC25620001C85E /* AppDelegate.swift */; };
		B1553DCD28AC25620001C85E /* SceneDelegate.swift in Sources */ = {isa = PBXBuildFile; fileRef = B1553DCC28AC25620001C85E /* SceneDelegate.swift */; };
		B1553DCF28AC25620001C85E /* HomeViewController.swift in Sources */ = {isa = PBXBuildFile; fileRef = B1553DCE28AC25620001C85E /* HomeViewController.swift */; };
		B1553DD528AC25620001C85E /* GameListApp.xcdatamodeld in Sources */ = {isa = PBXBuildFile; fileRef = B1553DD328AC25620001C85E /* GameListApp.xcdatamodeld */; };
		B1553DD728AC25630001C85E /* Assets.xcassets in Resources */ = {isa = PBXBuildFile; fileRef = B1553DD628AC25630001C85E /* Assets.xcassets */; };
		B1553DDA28AC25630001C85E /* LaunchScreen.storyboard in Resources */ = {isa = PBXBuildFile; fileRef = B1553DD828AC25630001C85E /* LaunchScreen.storyboard */; };
		B1553DE528AC25630001C85E /* DataParseTests.swift in Sources */ = {isa = PBXBuildFile; fileRef = B1553DE428AC25630001C85E /* DataParseTests.swift */; };
		B1553DEF28AC25630001C85E /* GameListAppUITests.swift in Sources */ = {isa = PBXBuildFile; fileRef = B1553DEE28AC25630001C85E /* GameListAppUITests.swift */; };
		B1553DF128AC25630001C85E /* GameListAppUITestsLaunchTests.swift in Sources */ = {isa = PBXBuildFile; fileRef = B1553DF028AC25630001C85E /* GameListAppUITestsLaunchTests.swift */; };
		B1553E0228AC29C30001C85E /* SnapKit in Frameworks */ = {isa = PBXBuildFile; productRef = B1553E0128AC29C30001C85E /* SnapKit */; };
		B19C6A1C28B6690800BFA2AC /* GameDetailModel.swift in Sources */ = {isa = PBXBuildFile; fileRef = B19C6A1B28B6690800BFA2AC /* GameDetailModel.swift */; };
		B19C6A1F28B66FA200BFA2AC /* DetailViewModel.swift in Sources */ = {isa = PBXBuildFile; fileRef = B19C6A1E28B66FA200BFA2AC /* DetailViewModel.swift */; };
		B19C6A2128B66FBF00BFA2AC /* DetailViewController.swift in Sources */ = {isa = PBXBuildFile; fileRef = B19C6A2028B66FBF00BFA2AC /* DetailViewController.swift */; };
		B1D1012F28AE797D005D1630 /* HomeCollectionViewCell.swift in Sources */ = {isa = PBXBuildFile; fileRef = B1D1012E28AE797D005D1630 /* HomeCollectionViewCell.swift */; };
		B1D1013228AE81CC005D1630 /* Kingfisher in Frameworks */ = {isa = PBXBuildFile; productRef = B1D1013128AE81CC005D1630 /* Kingfisher */; };
		B1F3E0DD28EAE47A004A6F15 /* ServiceEndpointContracts.swift in Sources */ = {isa = PBXBuildFile; fileRef = B1F3E0DC28EAE47A004A6F15 /* ServiceEndpointContracts.swift */; };
		B1F3E0DF28EAE4BA004A6F15 /* GameListEndpoints.swift in Sources */ = {isa = PBXBuildFile; fileRef = B1F3E0DE28EAE4BA004A6F15 /* GameListEndpoints.swift */; };
/* End PBXBuildFile section */

/* Begin PBXContainerItemProxy section */
		B1553DE128AC25630001C85E /* PBXContainerItemProxy */ = {
			isa = PBXContainerItemProxy;
			containerPortal = B1553DBF28AC25620001C85E /* Project object */;
			proxyType = 1;
			remoteGlobalIDString = B1553DC628AC25620001C85E;
			remoteInfo = GameListApp;
		};
		B1553DEB28AC25630001C85E /* PBXContainerItemProxy */ = {
			isa = PBXContainerItemProxy;
			containerPortal = B1553DBF28AC25620001C85E /* Project object */;
			proxyType = 1;
			remoteGlobalIDString = B1553DC628AC25620001C85E;
			remoteInfo = GameListApp;
		};
/* End PBXContainerItemProxy section */

/* Begin PBXFileReference section */
		B11F8E8728B3A033002D3121 /* Favorite+CoreDataClass.swift */ = {isa = PBXFileReference; lastKnownFileType = sourcecode.swift; path = "Favorite+CoreDataClass.swift"; sourceTree = "<group>"; };
		B11F8E8828B3A033002D3121 /* Favorite+CoreDataProperties.swift */ = {isa = PBXFileReference; lastKnownFileType = sourcecode.swift; path = "Favorite+CoreDataProperties.swift"; sourceTree = "<group>"; };
		B11F8E8C28B3A2F1002D3121 /* CoreDataFavoriteHelper.swift */ = {isa = PBXFileReference; lastKnownFileType = sourcecode.swift; path = CoreDataFavoriteHelper.swift; sourceTree = "<group>"; };
		B11F8E8E28B3A76F002D3121 /* FavoritesTableViewCell.swift */ = {isa = PBXFileReference; lastKnownFileType = sourcecode.swift; path = FavoritesTableViewCell.swift; sourceTree = "<group>"; };
		B137505B28B12EA000A51DE9 /* FavoritesViewModel.swift */ = {isa = PBXFileReference; lastKnownFileType = sourcecode.swift; path = FavoritesViewModel.swift; sourceTree = "<group>"; };
		B137505E28B136D600A51DE9 /* UIViewController+Extension.swift */ = {isa = PBXFileReference; lastKnownFileType = sourcecode.swift; path = "UIViewController+Extension.swift"; sourceTree = "<group>"; };
		B140412428ACE2BC00B0CB57 /* NetworkManager.swift */ = {isa = PBXFileReference; lastKnownFileType = sourcecode.swift; path = NetworkManager.swift; sourceTree = "<group>"; };
		B140412C28AD1A2C00B0CB57 /* GameService.swift */ = {isa = PBXFileReference; lastKnownFileType = sourcecode.swift; path = GameService.swift; sourceTree = "<group>"; };
		B140412F28AD1B3800B0CB57 /* HomeViewModel.swift */ = {isa = PBXFileReference; lastKnownFileType = sourcecode.swift; path = HomeViewModel.swift; sourceTree = "<group>"; };
		B140413128AD209B00B0CB57 /* GameModel.swift */ = {isa = PBXFileReference; lastKnownFileType = sourcecode.swift; path = GameModel.swift; sourceTree = "<group>"; };
		B140413428AD315300B0CB57 /* MainTabBarViewController.swift */ = {isa = PBXFileReference; lastKnownFileType = sourcecode.swift; path = MainTabBarViewController.swift; sourceTree = "<group>"; };
		B140413728AD31D500B0CB57 /* FavoritesViewController.swift */ = {isa = PBXFileReference; lastKnownFileType = sourcecode.swift; path = FavoritesViewController.swift; sourceTree = "<group>"; };
		B1553DC728AC25620001C85E /* GameListApp.app */ = {isa = PBXFileReference; explicitFileType = wrapper.application; includeInIndex = 0; path = GameListApp.app; sourceTree = BUILT_PRODUCTS_DIR; };
		B1553DCA28AC25620001C85E /* AppDelegate.swift */ = {isa = PBXFileReference; lastKnownFileType = sourcecode.swift; path = AppDelegate.swift; sourceTree = "<group>"; };
		B1553DCC28AC25620001C85E /* SceneDelegate.swift */ = {isa = PBXFileReference; lastKnownFileType = sourcecode.swift; path = SceneDelegate.swift; sourceTree = "<group>"; };
		B1553DCE28AC25620001C85E /* HomeViewController.swift */ = {isa = PBXFileReference; lastKnownFileType = sourcecode.swift; path = HomeViewController.swift; sourceTree = "<group>"; };
		B1553DD428AC25620001C85E /* GameListApp.xcdatamodel */ = {isa = PBXFileReference; lastKnownFileType = wrapper.xcdatamodel; path = GameListApp.xcdatamodel; sourceTree = "<group>"; };
		B1553DD628AC25630001C85E /* Assets.xcassets */ = {isa = PBXFileReference; lastKnownFileType = folder.assetcatalog; path = Assets.xcassets; sourceTree = "<group>"; };
		B1553DD928AC25630001C85E /* Base */ = {isa = PBXFileReference; lastKnownFileType = file.storyboard; name = Base; path = Base.lproj/LaunchScreen.storyboard; sourceTree = "<group>"; };
		B1553DDB28AC25630001C85E /* Info.plist */ = {isa = PBXFileReference; lastKnownFileType = text.plist.xml; path = Info.plist; sourceTree = "<group>"; };
		B1553DE028AC25630001C85E /* GameListAppTests.xctest */ = {isa = PBXFileReference; explicitFileType = wrapper.cfbundle; includeInIndex = 0; path = GameListAppTests.xctest; sourceTree = BUILT_PRODUCTS_DIR; };
		B1553DE428AC25630001C85E /* DataParseTests.swift */ = {isa = PBXFileReference; lastKnownFileType = sourcecode.swift; path = DataParseTests.swift; sourceTree = "<group>"; };
		B1553DEA28AC25630001C85E /* GameListAppUITests.xctest */ = {isa = PBXFileReference; explicitFileType = wrapper.cfbundle; includeInIndex = 0; path = GameListAppUITests.xctest; sourceTree = BUILT_PRODUCTS_DIR; };
		B1553DEE28AC25630001C85E /* GameListAppUITests.swift */ = {isa = PBXFileReference; lastKnownFileType = sourcecode.swift; path = GameListAppUITests.swift; sourceTree = "<group>"; };
		B1553DF028AC25630001C85E /* GameListAppUITestsLaunchTests.swift */ = {isa = PBXFileReference; lastKnownFileType = sourcecode.swift; path = GameListAppUITestsLaunchTests.swift; sourceTree = "<group>"; };
		B19C6A1B28B6690800BFA2AC /* GameDetailModel.swift */ = {isa = PBXFileReference; lastKnownFileType = sourcecode.swift; path = GameDetailModel.swift; sourceTree = "<group>"; };
		B19C6A1E28B66FA200BFA2AC /* DetailViewModel.swift */ = {isa = PBXFileReference; lastKnownFileType = sourcecode.swift; path = DetailViewModel.swift; sourceTree = "<group>"; };
		B19C6A2028B66FBF00BFA2AC /* DetailViewController.swift */ = {isa = PBXFileReference; lastKnownFileType = sourcecode.swift; path = DetailViewController.swift; sourceTree = "<group>"; };
		B1D1012E28AE797D005D1630 /* HomeCollectionViewCell.swift */ = {isa = PBXFileReference; lastKnownFileType = sourcecode.swift; path = HomeCollectionViewCell.swift; sourceTree = "<group>"; };
		B1F3E0DC28EAE47A004A6F15 /* ServiceEndpointContracts.swift */ = {isa = PBXFileReference; lastKnownFileType = sourcecode.swift; path = ServiceEndpointContracts.swift; sourceTree = "<group>"; };
		B1F3E0DE28EAE4BA004A6F15 /* GameListEndpoints.swift */ = {isa = PBXFileReference; lastKnownFileType = sourcecode.swift; path = GameListEndpoints.swift; sourceTree = "<group>"; };
/* End PBXFileReference section */

/* Begin PBXFrameworksBuildPhase section */
		B1553DC428AC25620001C85E /* Frameworks */ = {
			isa = PBXFrameworksBuildPhase;
			buildActionMask = 2147483647;
			files = (
				B1D1013228AE81CC005D1630 /* Kingfisher in Frameworks */,
				B1553E0228AC29C30001C85E /* SnapKit in Frameworks */,
				B140412B28AD101000B0CB57 /* Alamofire in Frameworks */,
			);
			runOnlyForDeploymentPostprocessing = 0;
		};
		B1553DDD28AC25630001C85E /* Frameworks */ = {
			isa = PBXFrameworksBuildPhase;
			buildActionMask = 2147483647;
			files = (
			);
			runOnlyForDeploymentPostprocessing = 0;
		};
		B1553DE728AC25630001C85E /* Frameworks */ = {
			isa = PBXFrameworksBuildPhase;
			buildActionMask = 2147483647;
			files = (
			);
			runOnlyForDeploymentPostprocessing = 0;
		};
/* End PBXFrameworksBuildPhase section */

/* Begin PBXGroup section */
		B11F8E8B28B3A2B3002D3121 /* CoreData */ = {
			isa = PBXGroup;
			children = (
				B11F8E9028B3CE70002D3121 /* DataModels */,
				B11F8E9128B3CF07002D3121 /* Favorite */,
			);
			path = CoreData;
			sourceTree = "<group>";
		};
		B11F8E9028B3CE70002D3121 /* DataModels */ = {
			isa = PBXGroup;
			children = (
				B1553DD328AC25620001C85E /* GameListApp.xcdatamodeld */,
			);
			path = DataModels;
			sourceTree = "<group>";
		};
		B11F8E9128B3CF07002D3121 /* Favorite */ = {
			isa = PBXGroup;
			children = (
				B11F8E8728B3A033002D3121 /* Favorite+CoreDataClass.swift */,
				B11F8E8828B3A033002D3121 /* Favorite+CoreDataProperties.swift */,
				B11F8E8C28B3A2F1002D3121 /* CoreDataFavoriteHelper.swift */,
			);
			path = Favorite;
			sourceTree = "<group>";
		};
		B137505D28B136B900A51DE9 /* Extensions */ = {
			isa = PBXGroup;
			children = (
				B137505E28B136D600A51DE9 /* UIViewController+Extension.swift */,
			);
			path = Extensions;
			sourceTree = "<group>";
		};
		B140412228ACE26F00B0CB57 /* Manager */ = {
			isa = PBXGroup;
			children = (
				B140412428ACE2BC00B0CB57 /* NetworkManager.swift */,
			);
			path = Manager;
			sourceTree = "<group>";
		};
		B140412328ACE29700B0CB57 /* Service */ = {
			isa = PBXGroup;
			children = (
				B140412C28AD1A2C00B0CB57 /* GameService.swift */,
			);
			path = Service;
			sourceTree = "<group>";
		};
		B140412E28AD1B1600B0CB57 /* Home */ = {
			isa = PBXGroup;
			children = (
				B1D1012E28AE797D005D1630 /* HomeCollectionViewCell.swift */,
				B140412F28AD1B3800B0CB57 /* HomeViewModel.swift */,
				B1553DCE28AC25620001C85E /* HomeViewController.swift */,
			);
			path = Home;
			sourceTree = "<group>";
		};
		B140413328AD311000B0CB57 /* MainTabBar */ = {
			isa = PBXGroup;
			children = (
				B140413428AD315300B0CB57 /* MainTabBarViewController.swift */,
			);
			path = MainTabBar;
			sourceTree = "<group>";
		};
		B140413628AD31BC00B0CB57 /* Favorites */ = {
			isa = PBXGroup;
			children = (
				B11F8E8E28B3A76F002D3121 /* FavoritesTableViewCell.swift */,
				B137505B28B12EA000A51DE9 /* FavoritesViewModel.swift */,
				B140413728AD31D500B0CB57 /* FavoritesViewController.swift */,
			);
			path = Favorites;
			sourceTree = "<group>";
		};
		B1553DBE28AC25620001C85E = {
			isa = PBXGroup;
			children = (
				B1553DC928AC25620001C85E /* GameListApp */,
				B1553DE328AC25630001C85E /* GameListAppTests */,
				B1553DED28AC25630001C85E /* GameListAppUITests */,
				B1553DC828AC25620001C85E /* Products */,
			);
			sourceTree = "<group>";
		};
		B1553DC828AC25620001C85E /* Products */ = {
			isa = PBXGroup;
			children = (
				B1553DC728AC25620001C85E /* GameListApp.app */,
				B1553DE028AC25630001C85E /* GameListAppTests.xctest */,
				B1553DEA28AC25630001C85E /* GameListAppUITests.xctest */,
			);
			name = Products;
			sourceTree = "<group>";
		};
		B1553DC928AC25620001C85E /* GameListApp */ = {
			isa = PBXGroup;
			children = (
				B1553DFD28AC26CA0001C85E /* Core */,
				B1553DFE28AC27130001C85E /* Sources */,
				B137505D28B136B900A51DE9 /* Extensions */,
				B11F8E8B28B3A2B3002D3121 /* CoreData */,
				B1553E0328AC29FA0001C85E /* Network */,
				B1553E0528AC2A060001C85E /* Model */,
				B1553E0428AC2A000001C85E /* Scenes */,
			);
			path = GameListApp;
			sourceTree = "<group>";
		};
		B1553DE328AC25630001C85E /* GameListAppTests */ = {
			isa = PBXGroup;
			children = (
				B1553DE428AC25630001C85E /* DataParseTests.swift */,
			);
			path = GameListAppTests;
			sourceTree = "<group>";
		};
		B1553DED28AC25630001C85E /* GameListAppUITests */ = {
			isa = PBXGroup;
			children = (
				B1553DEE28AC25630001C85E /* GameListAppUITests.swift */,
				B1553DF028AC25630001C85E /* GameListAppUITestsLaunchTests.swift */,
			);
			path = GameListAppUITests;
			sourceTree = "<group>";
		};
		B1553DFD28AC26CA0001C85E /* Core */ = {
			isa = PBXGroup;
			children = (
				B1553DD828AC25630001C85E /* LaunchScreen.storyboard */,
				B1553DCA28AC25620001C85E /* AppDelegate.swift */,
				B1553DCC28AC25620001C85E /* SceneDelegate.swift */,
				B1553DDB28AC25630001C85E /* Info.plist */,
			);
			path = Core;
			sourceTree = "<group>";
		};
		B1553DFE28AC27130001C85E /* Sources */ = {
			isa = PBXGroup;
			children = (
				B1553DD628AC25630001C85E /* Assets.xcassets */,
			);
			path = Sources;
			sourceTree = "<group>";
		};
		B1553E0328AC29FA0001C85E /* Network */ = {
			isa = PBXGroup;
			children = (
				B1F3E0DB28EAE468004A6F15 /* ServiceEndpoints */,
				B140412228ACE26F00B0CB57 /* Manager */,
				B140412328ACE29700B0CB57 /* Service */,
			);
			path = Network;
			sourceTree = "<group>";
		};
		B1553E0428AC2A000001C85E /* Scenes */ = {
			isa = PBXGroup;
			children = (
				B140413328AD311000B0CB57 /* MainTabBar */,
				B140412E28AD1B1600B0CB57 /* Home */,
				B19C6A1D28B66F8700BFA2AC /* Detail */,
				B140413628AD31BC00B0CB57 /* Favorites */,
			);
			path = Scenes;
			sourceTree = "<group>";
		};
		B1553E0528AC2A060001C85E /* Model */ = {
			isa = PBXGroup;
			children = (
				B140413128AD209B00B0CB57 /* GameModel.swift */,
				B19C6A1B28B6690800BFA2AC /* GameDetailModel.swift */,
			);
			path = Model;
			sourceTree = "<group>";
		};
		B19C6A1D28B66F8700BFA2AC /* Detail */ = {
			isa = PBXGroup;
			children = (
				B19C6A1E28B66FA200BFA2AC /* DetailViewModel.swift */,
				B19C6A2028B66FBF00BFA2AC /* DetailViewController.swift */,
			);
			path = Detail;
			sourceTree = "<group>";
		};
		B1F3E0DB28EAE468004A6F15 /* ServiceEndpoints */ = {
			isa = PBXGroup;
			children = (
				B1F3E0DC28EAE47A004A6F15 /* ServiceEndpointContracts.swift */,
				B1F3E0DE28EAE4BA004A6F15 /* GameListEndpoints.swift */,
			);
			path = ServiceEndpoints;
			sourceTree = "<group>";
		};
/* End PBXGroup section */

/* Begin PBXNativeTarget section */
		B1553DC628AC25620001C85E /* GameListApp */ = {
			isa = PBXNativeTarget;
			buildConfigurationList = B1553DF428AC25630001C85E /* Build configuration list for PBXNativeTarget "GameListApp" */;
			buildPhases = (
				B1553DFF28AC28090001C85E /* ShellScript */,
				B1553DC328AC25620001C85E /* Sources */,
				B1553DC428AC25620001C85E /* Frameworks */,
				B1553DC528AC25620001C85E /* Resources */,
			);
			buildRules = (
			);
			dependencies = (
			);
			name = GameListApp;
			packageProductDependencies = (
				B1553E0128AC29C30001C85E /* SnapKit */,
				B140412A28AD101000B0CB57 /* Alamofire */,
				B1D1013128AE81CC005D1630 /* Kingfisher */,
			);
			productName = GameListApp;
			productReference = B1553DC728AC25620001C85E /* GameListApp.app */;
			productType = "com.apple.product-type.application";
		};
		B1553DDF28AC25630001C85E /* GameListAppTests */ = {
			isa = PBXNativeTarget;
			buildConfigurationList = B1553DF728AC25630001C85E /* Build configuration list for PBXNativeTarget "GameListAppTests" */;
			buildPhases = (
				B1553DDC28AC25630001C85E /* Sources */,
				B1553DDD28AC25630001C85E /* Frameworks */,
				B1553DDE28AC25630001C85E /* Resources */,
			);
			buildRules = (
			);
			dependencies = (
				B1553DE228AC25630001C85E /* PBXTargetDependency */,
			);
			name = GameListAppTests;
			productName = GameListAppTests;
			productReference = B1553DE028AC25630001C85E /* GameListAppTests.xctest */;
			productType = "com.apple.product-type.bundle.unit-test";
		};
		B1553DE928AC25630001C85E /* GameListAppUITests */ = {
			isa = PBXNativeTarget;
			buildConfigurationList = B1553DFA28AC25630001C85E /* Build configuration list for PBXNativeTarget "GameListAppUITests" */;
			buildPhases = (
				B1553DE628AC25630001C85E /* Sources */,
				B1553DE728AC25630001C85E /* Frameworks */,
				B1553DE828AC25630001C85E /* Resources */,
			);
			buildRules = (
			);
			dependencies = (
				B1553DEC28AC25630001C85E /* PBXTargetDependency */,
			);
			name = GameListAppUITests;
			productName = GameListAppUITests;
			productReference = B1553DEA28AC25630001C85E /* GameListAppUITests.xctest */;
			productType = "com.apple.product-type.bundle.ui-testing";
		};
/* End PBXNativeTarget section */

/* Begin PBXProject section */
		B1553DBF28AC25620001C85E /* Project object */ = {
			isa = PBXProject;
			attributes = {
				BuildIndependentTargetsInParallel = 1;
				LastSwiftUpdateCheck = 1340;
				LastUpgradeCheck = 1340;
				TargetAttributes = {
					B1553DC628AC25620001C85E = {
						CreatedOnToolsVersion = 13.4.1;
					};
					B1553DDF28AC25630001C85E = {
						CreatedOnToolsVersion = 13.4.1;
						TestTargetID = B1553DC628AC25620001C85E;
					};
					B1553DE928AC25630001C85E = {
						CreatedOnToolsVersion = 13.4.1;
						TestTargetID = B1553DC628AC25620001C85E;
					};
				};
			};
			buildConfigurationList = B1553DC228AC25620001C85E /* Build configuration list for PBXProject "GameListApp" */;
			compatibilityVersion = "Xcode 13.0";
			developmentRegion = en;
			hasScannedForEncodings = 0;
			knownRegions = (
				en,
				Base,
			);
			mainGroup = B1553DBE28AC25620001C85E;
			packageReferences = (
				B1553E0028AC29C30001C85E /* XCRemoteSwiftPackageReference "SnapKit" */,
				B140412928AD101000B0CB57 /* XCRemoteSwiftPackageReference "Alamofire" */,
				B1D1013028AE81CC005D1630 /* XCRemoteSwiftPackageReference "Kingfisher" */,
			);
			productRefGroup = B1553DC828AC25620001C85E /* Products */;
			projectDirPath = "";
			projectRoot = "";
			targets = (
				B1553DC628AC25620001C85E /* GameListApp */,
				B1553DDF28AC25630001C85E /* GameListAppTests */,
				B1553DE928AC25630001C85E /* GameListAppUITests */,
			);
		};
/* End PBXProject section */

/* Begin PBXResourcesBuildPhase section */
		B1553DC528AC25620001C85E /* Resources */ = {
			isa = PBXResourcesBuildPhase;
			buildActionMask = 2147483647;
			files = (
				B1553DDA28AC25630001C85E /* LaunchScreen.storyboard in Resources */,
				B1553DD728AC25630001C85E /* Assets.xcassets in Resources */,
			);
			runOnlyForDeploymentPostprocessing = 0;
		};
		B1553DDE28AC25630001C85E /* Resources */ = {
			isa = PBXResourcesBuildPhase;
			buildActionMask = 2147483647;
			files = (
			);
			runOnlyForDeploymentPostprocessing = 0;
		};
		B1553DE828AC25630001C85E /* Resources */ = {
			isa = PBXResourcesBuildPhase;
			buildActionMask = 2147483647;
			files = (
			);
			runOnlyForDeploymentPostprocessing = 0;
		};
/* End PBXResourcesBuildPhase section */

/* Begin PBXShellScriptBuildPhase section */
		B1553DFF28AC28090001C85E /* ShellScript */ = {
			isa = PBXShellScriptBuildPhase;
			buildActionMask = 2147483647;
			files = (
			);
			inputFileListPaths = (
			);
			inputPaths = (
			);
			outputFileListPaths = (
			);
			outputPaths = (
			);
			runOnlyForDeploymentPostprocessing = 0;
			shellPath = /bin/sh;
			shellScript = "export PATH=\"$PATH:/opt/homebrew/bin\"\nif which swiftlint > /dev/null; then\n  swiftlint\nelse\n  echo \"warning: SwiftLint not installed, download from https://github.com/realm/SwiftLint\"\nfi\n";
		};
/* End PBXShellScriptBuildPhase section */

/* Begin PBXSourcesBuildPhase section */
		B1553DC328AC25620001C85E /* Sources */ = {
			isa = PBXSourcesBuildPhase;
			buildActionMask = 2147483647;
			files = (
				B1F3E0DD28EAE47A004A6F15 /* ServiceEndpointContracts.swift in Sources */,
				B1553DCF28AC25620001C85E /* HomeViewController.swift in Sources */,
				B11F8E8F28B3A76F002D3121 /* FavoritesTableViewCell.swift in Sources */,
				B140412D28AD1A2C00B0CB57 /* GameService.swift in Sources */,
				B19C6A1F28B66FA200BFA2AC /* DetailViewModel.swift in Sources */,
				B140413228AD209B00B0CB57 /* GameModel.swift in Sources */,
				B1553DCB28AC25620001C85E /* AppDelegate.swift in Sources */,
				B19C6A2128B66FBF00BFA2AC /* DetailViewController.swift in Sources */,
				B11F8E8D28B3A2F1002D3121 /* CoreDataFavoriteHelper.swift in Sources */,
				B137505F28B136D600A51DE9 /* UIViewController+Extension.swift in Sources */,
				B19C6A1C28B6690800BFA2AC /* GameDetailModel.swift in Sources */,
				B1F3E0DF28EAE4BA004A6F15 /* GameListEndpoints.swift in Sources */,
				B11F8E8A28B3A033002D3121 /* Favorite+CoreDataProperties.swift in Sources */,
				B140413028AD1B3800B0CB57 /* HomeViewModel.swift in Sources */,
				B140413528AD315300B0CB57 /* MainTabBarViewController.swift in Sources */,
				B11F8E8928B3A033002D3121 /* Favorite+CoreDataClass.swift in Sources */,
				B140413828AD31D500B0CB57 /* FavoritesViewController.swift in Sources */,
				B140412528ACE2BC00B0CB57 /* NetworkManager.swift in Sources */,
				B1553DCD28AC25620001C85E /* SceneDelegate.swift in Sources */,
				B1553DD528AC25620001C85E /* GameListApp.xcdatamodeld in Sources */,
				B1D1012F28AE797D005D1630 /* HomeCollectionViewCell.swift in Sources */,
				B137505C28B12EA000A51DE9 /* FavoritesViewModel.swift in Sources */,
			);
			runOnlyForDeploymentPostprocessing = 0;
		};
		B1553DDC28AC25630001C85E /* Sources */ = {
			isa = PBXSourcesBuildPhase;
			buildActionMask = 2147483647;
			files = (
				B1553DE528AC25630001C85E /* DataParseTests.swift in Sources */,
			);
			runOnlyForDeploymentPostprocessing = 0;
		};
		B1553DE628AC25630001C85E /* Sources */ = {
			isa = PBXSourcesBuildPhase;
			buildActionMask = 2147483647;
			files = (
				B1553DF128AC25630001C85E /* GameListAppUITestsLaunchTests.swift in Sources */,
				B1553DEF28AC25630001C85E /* GameListAppUITests.swift in Sources */,
			);
			runOnlyForDeploymentPostprocessing = 0;
		};
/* End PBXSourcesBuildPhase section */

/* Begin PBXTargetDependency section */
		B1553DE228AC25630001C85E /* PBXTargetDependency */ = {
			isa = PBXTargetDependency;
			target = B1553DC628AC25620001C85E /* GameListApp */;
			targetProxy = B1553DE128AC25630001C85E /* PBXContainerItemProxy */;
		};
		B1553DEC28AC25630001C85E /* PBXTargetDependency */ = {
			isa = PBXTargetDependency;
			target = B1553DC628AC25620001C85E /* GameListApp */;
			targetProxy = B1553DEB28AC25630001C85E /* PBXContainerItemProxy */;
		};
/* End PBXTargetDependency section */

/* Begin PBXVariantGroup section */
		B1553DD828AC25630001C85E /* LaunchScreen.storyboard */ = {
			isa = PBXVariantGroup;
			children = (
				B1553DD928AC25630001C85E /* Base */,
			);
			name = LaunchScreen.storyboard;
			sourceTree = "<group>";
		};
/* End PBXVariantGroup section */

/* Begin XCBuildConfiguration section */
		B1553DF228AC25630001C85E /* Debug */ = {
			isa = XCBuildConfiguration;
			buildSettings = {
				ALWAYS_SEARCH_USER_PATHS = NO;
				CLANG_ANALYZER_NONNULL = YES;
				CLANG_ANALYZER_NUMBER_OBJECT_CONVERSION = YES_AGGRESSIVE;
				CLANG_CXX_LANGUAGE_STANDARD = "gnu++17";
				CLANG_ENABLE_MODULES = YES;
				CLANG_ENABLE_OBJC_ARC = YES;
				CLANG_ENABLE_OBJC_WEAK = YES;
				CLANG_WARN_BLOCK_CAPTURE_AUTORELEASING = YES;
				CLANG_WARN_BOOL_CONVERSION = YES;
				CLANG_WARN_COMMA = YES;
				CLANG_WARN_CONSTANT_CONVERSION = YES;
				CLANG_WARN_DEPRECATED_OBJC_IMPLEMENTATIONS = YES;
				CLANG_WARN_DIRECT_OBJC_ISA_USAGE = YES_ERROR;
				CLANG_WARN_DOCUMENTATION_COMMENTS = YES;
				CLANG_WARN_EMPTY_BODY = YES;
				CLANG_WARN_ENUM_CONVERSION = YES;
				CLANG_WARN_INFINITE_RECURSION = YES;
				CLANG_WARN_INT_CONVERSION = YES;
				CLANG_WARN_NON_LITERAL_NULL_CONVERSION = YES;
				CLANG_WARN_OBJC_IMPLICIT_RETAIN_SELF = YES;
				CLANG_WARN_OBJC_LITERAL_CONVERSION = YES;
				CLANG_WARN_OBJC_ROOT_CLASS = YES_ERROR;
				CLANG_WARN_QUOTED_INCLUDE_IN_FRAMEWORK_HEADER = YES;
				CLANG_WARN_RANGE_LOOP_ANALYSIS = YES;
				CLANG_WARN_STRICT_PROTOTYPES = YES;
				CLANG_WARN_SUSPICIOUS_MOVE = YES;
				CLANG_WARN_UNGUARDED_AVAILABILITY = YES_AGGRESSIVE;
				CLANG_WARN_UNREACHABLE_CODE = YES;
				CLANG_WARN__DUPLICATE_METHOD_MATCH = YES;
				COPY_PHASE_STRIP = NO;
				DEBUG_INFORMATION_FORMAT = dwarf;
				ENABLE_STRICT_OBJC_MSGSEND = YES;
				ENABLE_TESTABILITY = YES;
				GCC_C_LANGUAGE_STANDARD = gnu11;
				GCC_DYNAMIC_NO_PIC = NO;
				GCC_NO_COMMON_BLOCKS = YES;
				GCC_OPTIMIZATION_LEVEL = 0;
				GCC_PREPROCESSOR_DEFINITIONS = (
					"DEBUG=1",
					"$(inherited)",
				);
				GCC_WARN_64_TO_32_BIT_CONVERSION = YES;
				GCC_WARN_ABOUT_RETURN_TYPE = YES_ERROR;
				GCC_WARN_UNDECLARED_SELECTOR = YES;
				GCC_WARN_UNINITIALIZED_AUTOS = YES_AGGRESSIVE;
				GCC_WARN_UNUSED_FUNCTION = YES;
				GCC_WARN_UNUSED_VARIABLE = YES;
				IPHONEOS_DEPLOYMENT_TARGET = 15.5;
				MTL_ENABLE_DEBUG_INFO = INCLUDE_SOURCE;
				MTL_FAST_MATH = YES;
				ONLY_ACTIVE_ARCH = YES;
				SDKROOT = iphoneos;
				SWIFT_ACTIVE_COMPILATION_CONDITIONS = DEBUG;
				SWIFT_OPTIMIZATION_LEVEL = "-Onone";
			};
			name = Debug;
		};
		B1553DF328AC25630001C85E /* Release */ = {
			isa = XCBuildConfiguration;
			buildSettings = {
				ALWAYS_SEARCH_USER_PATHS = NO;
				CLANG_ANALYZER_NONNULL = YES;
				CLANG_ANALYZER_NUMBER_OBJECT_CONVERSION = YES_AGGRESSIVE;
				CLANG_CXX_LANGUAGE_STANDARD = "gnu++17";
				CLANG_ENABLE_MODULES = YES;
				CLANG_ENABLE_OBJC_ARC = YES;
				CLANG_ENABLE_OBJC_WEAK = YES;
				CLANG_WARN_BLOCK_CAPTURE_AUTORELEASING = YES;
				CLANG_WARN_BOOL_CONVERSION = YES;
				CLANG_WARN_COMMA = YES;
				CLANG_WARN_CONSTANT_CONVERSION = YES;
				CLANG_WARN_DEPRECATED_OBJC_IMPLEMENTATIONS = YES;
				CLANG_WARN_DIRECT_OBJC_ISA_USAGE = YES_ERROR;
				CLANG_WARN_DOCUMENTATION_COMMENTS = YES;
				CLANG_WARN_EMPTY_BODY = YES;
				CLANG_WARN_ENUM_CONVERSION = YES;
				CLANG_WARN_INFINITE_RECURSION = YES;
				CLANG_WARN_INT_CONVERSION = YES;
				CLANG_WARN_NON_LITERAL_NULL_CONVERSION = YES;
				CLANG_WARN_OBJC_IMPLICIT_RETAIN_SELF = YES;
				CLANG_WARN_OBJC_LITERAL_CONVERSION = YES;
				CLANG_WARN_OBJC_ROOT_CLASS = YES_ERROR;
				CLANG_WARN_QUOTED_INCLUDE_IN_FRAMEWORK_HEADER = YES;
				CLANG_WARN_RANGE_LOOP_ANALYSIS = YES;
				CLANG_WARN_STRICT_PROTOTYPES = YES;
				CLANG_WARN_SUSPICIOUS_MOVE = YES;
				CLANG_WARN_UNGUARDED_AVAILABILITY = YES_AGGRESSIVE;
				CLANG_WARN_UNREACHABLE_CODE = YES;
				CLANG_WARN__DUPLICATE_METHOD_MATCH = YES;
				COPY_PHASE_STRIP = NO;
				DEBUG_INFORMATION_FORMAT = "dwarf-with-dsym";
				ENABLE_NS_ASSERTIONS = NO;
				ENABLE_STRICT_OBJC_MSGSEND = YES;
				GCC_C_LANGUAGE_STANDARD = gnu11;
				GCC_NO_COMMON_BLOCKS = YES;
				GCC_WARN_64_TO_32_BIT_CONVERSION = YES;
				GCC_WARN_ABOUT_RETURN_TYPE = YES_ERROR;
				GCC_WARN_UNDECLARED_SELECTOR = YES;
				GCC_WARN_UNINITIALIZED_AUTOS = YES_AGGRESSIVE;
				GCC_WARN_UNUSED_FUNCTION = YES;
				GCC_WARN_UNUSED_VARIABLE = YES;
				IPHONEOS_DEPLOYMENT_TARGET = 15.5;
				MTL_ENABLE_DEBUG_INFO = NO;
				MTL_FAST_MATH = YES;
				SDKROOT = iphoneos;
				SWIFT_COMPILATION_MODE = wholemodule;
				SWIFT_OPTIMIZATION_LEVEL = "-O";
				VALIDATE_PRODUCT = YES;
			};
			name = Release;
		};
		B1553DF528AC25630001C85E /* Debug */ = {
			isa = XCBuildConfiguration;
			buildSettings = {
				ASSETCATALOG_COMPILER_APPICON_NAME = AppIcon;
				ASSETCATALOG_COMPILER_GLOBAL_ACCENT_COLOR_NAME = AccentColor;
				CODE_SIGN_STYLE = Automatic;
				CURRENT_PROJECT_VERSION = 1;
				DEVELOPMENT_TEAM = QQ4V82589Y;
				GENERATE_INFOPLIST_FILE = YES;
				INFOPLIST_FILE = GameListApp/Core/Info.plist;
				INFOPLIST_KEY_UIApplicationSupportsIndirectInputEvents = YES;
				INFOPLIST_KEY_UILaunchStoryboardName = LaunchScreen;
				INFOPLIST_KEY_UIMainStoryboardFile = "";
				INFOPLIST_KEY_UISupportedInterfaceOrientations = UIInterfaceOrientationPortrait;
				INFOPLIST_KEY_UISupportedInterfaceOrientations_iPad = "UIInterfaceOrientationPortrait UIInterfaceOrientationPortraitUpsideDown UIInterfaceOrientationLandscapeLeft UIInterfaceOrientationLandscapeRight";
				INFOPLIST_KEY_UISupportedInterfaceOrientations_iPhone = "UIInterfaceOrientationPortrait UIInterfaceOrientationLandscapeLeft UIInterfaceOrientationLandscapeRight";
				IPHONEOS_DEPLOYMENT_TARGET = 14.0;
				LD_RUNPATH_SEARCH_PATHS = (
					"$(inherited)",
					"@executable_path/Frameworks",
				);
				MARKETING_VERSION = 0.1.0;
				PRODUCT_BUNDLE_IDENTIFIER = com.berkaysancar.GameListApp;
				PRODUCT_NAME = "$(TARGET_NAME)";
				SWIFT_EMIT_LOC_STRINGS = YES;
				SWIFT_VERSION = 5.0;
				TARGETED_DEVICE_FAMILY = 1;
			};
			name = Debug;
		};
		B1553DF628AC25630001C85E /* Release */ = {
			isa = XCBuildConfiguration;
			buildSettings = {
				ASSETCATALOG_COMPILER_APPICON_NAME = AppIcon;
				ASSETCATALOG_COMPILER_GLOBAL_ACCENT_COLOR_NAME = AccentColor;
				CODE_SIGN_STYLE = Automatic;
				CURRENT_PROJECT_VERSION = 1;
				DEVELOPMENT_TEAM = QQ4V82589Y;
				GENERATE_INFOPLIST_FILE = YES;
				INFOPLIST_FILE = GameListApp/Core/Info.plist;
				INFOPLIST_KEY_UIApplicationSupportsIndirectInputEvents = YES;
				INFOPLIST_KEY_UILaunchStoryboardName = LaunchScreen;
				INFOPLIST_KEY_UIMainStoryboardFile = "";
				INFOPLIST_KEY_UISupportedInterfaceOrientations = UIInterfaceOrientationPortrait;
				INFOPLIST_KEY_UISupportedInterfaceOrientations_iPad = "UIInterfaceOrientationPortrait UIInterfaceOrientationPortraitUpsideDown UIInterfaceOrientationLandscapeLeft UIInterfaceOrientationLandscapeRight";
				INFOPLIST_KEY_UISupportedInterfaceOrientations_iPhone = "UIInterfaceOrientationPortrait UIInterfaceOrientationLandscapeLeft UIInterfaceOrientationLandscapeRight";
				IPHONEOS_DEPLOYMENT_TARGET = 14.0;
				LD_RUNPATH_SEARCH_PATHS = (
					"$(inherited)",
					"@executable_path/Frameworks",
				);
				MARKETING_VERSION = 0.1.0;
				PRODUCT_BUNDLE_IDENTIFIER = com.berkaysancar.GameListApp;
				PRODUCT_NAME = "$(TARGET_NAME)";
				SWIFT_EMIT_LOC_STRINGS = YES;
				SWIFT_VERSION = 5.0;
				TARGETED_DEVICE_FAMILY = 1;
			};
			name = Release;
		};
		B1553DF828AC25630001C85E /* Debug */ = {
			isa = XCBuildConfiguration;
			buildSettings = {
				ALWAYS_EMBED_SWIFT_STANDARD_LIBRARIES = YES;
				BUNDLE_LOADER = "$(TEST_HOST)";
				CODE_SIGN_STYLE = Automatic;
				CURRENT_PROJECT_VERSION = 1;
				DEVELOPMENT_TEAM = QQ4V82589Y;
				GENERATE_INFOPLIST_FILE = YES;
				IPHONEOS_DEPLOYMENT_TARGET = 15.5;
				MARKETING_VERSION = 1.0;
				PRODUCT_BUNDLE_IDENTIFIER = com.berkaysancar.GameListAppTests;
				PRODUCT_NAME = "$(TARGET_NAME)";
				SWIFT_EMIT_LOC_STRINGS = NO;
				SWIFT_VERSION = 5.0;
				TARGETED_DEVICE_FAMILY = "1,2";
				TEST_HOST = "$(BUILT_PRODUCTS_DIR)/GameListApp.app/GameListApp";
			};
			name = Debug;
		};
		B1553DF928AC25630001C85E /* Release */ = {
			isa = XCBuildConfiguration;
			buildSettings = {
				ALWAYS_EMBED_SWIFT_STANDARD_LIBRARIES = YES;
				BUNDLE_LOADER = "$(TEST_HOST)";
				CODE_SIGN_STYLE = Automatic;
				CURRENT_PROJECT_VERSION = 1;
				DEVELOPMENT_TEAM = QQ4V82589Y;
				GENERATE_INFOPLIST_FILE = YES;
				IPHONEOS_DEPLOYMENT_TARGET = 15.5;
				MARKETING_VERSION = 1.0;
				PRODUCT_BUNDLE_IDENTIFIER = com.berkaysancar.GameListAppTests;
				PRODUCT_NAME = "$(TARGET_NAME)";
				SWIFT_EMIT_LOC_STRINGS = NO;
				SWIFT_VERSION = 5.0;
				TARGETED_DEVICE_FAMILY = "1,2";
				TEST_HOST = "$(BUILT_PRODUCTS_DIR)/GameListApp.app/GameListApp";
			};
			name = Release;
		};
		B1553DFB28AC25630001C85E /* Debug */ = {
			isa = XCBuildConfiguration;
			buildSettings = {
				ALWAYS_EMBED_SWIFT_STANDARD_LIBRARIES = YES;
				CODE_SIGN_STYLE = Automatic;
				CURRENT_PROJECT_VERSION = 1;
				DEVELOPMENT_TEAM = QQ4V82589Y;
				GENERATE_INFOPLIST_FILE = YES;
				MARKETING_VERSION = 1.0;
				PRODUCT_BUNDLE_IDENTIFIER = com.berkaysancar.GameListAppUITests;
				PRODUCT_NAME = "$(TARGET_NAME)";
				SWIFT_EMIT_LOC_STRINGS = NO;
				SWIFT_VERSION = 5.0;
				TARGETED_DEVICE_FAMILY = "1,2";
				TEST_TARGET_NAME = GameListApp;
			};
			name = Debug;
		};
		B1553DFC28AC25630001C85E /* Release */ = {
			isa = XCBuildConfiguration;
			buildSettings = {
				ALWAYS_EMBED_SWIFT_STANDARD_LIBRARIES = YES;
				CODE_SIGN_STYLE = Automatic;
				CURRENT_PROJECT_VERSION = 1;
				DEVELOPMENT_TEAM = QQ4V82589Y;
				GENERATE_INFOPLIST_FILE = YES;
				MARKETING_VERSION = 1.0;
				PRODUCT_BUNDLE_IDENTIFIER = com.berkaysancar.GameListAppUITests;
				PRODUCT_NAME = "$(TARGET_NAME)";
				SWIFT_EMIT_LOC_STRINGS = NO;
				SWIFT_VERSION = 5.0;
				TARGETED_DEVICE_FAMILY = "1,2";
				TEST_TARGET_NAME = GameListApp;
			};
			name = Release;
		};
/* End XCBuildConfiguration section */

/* Begin XCConfigurationList section */
		B1553DC228AC25620001C85E /* Build configuration list for PBXProject "GameListApp" */ = {
			isa = XCConfigurationList;
			buildConfigurations = (
				B1553DF228AC25630001C85E /* Debug */,
				B1553DF328AC25630001C85E /* Release */,
			);
			defaultConfigurationIsVisible = 0;
			defaultConfigurationName = Release;
		};
		B1553DF428AC25630001C85E /* Build configuration list for PBXNativeTarget "GameListApp" */ = {
			isa = XCConfigurationList;
			buildConfigurations = (
				B1553DF528AC25630001C85E /* Debug */,
				B1553DF628AC25630001C85E /* Release */,
			);
			defaultConfigurationIsVisible = 0;
			defaultConfigurationName = Release;
		};
		B1553DF728AC25630001C85E /* Build configuration list for PBXNativeTarget "GameListAppTests" */ = {
			isa = XCConfigurationList;
			buildConfigurations = (
				B1553DF828AC25630001C85E /* Debug */,
				B1553DF928AC25630001C85E /* Release */,
			);
			defaultConfigurationIsVisible = 0;
			defaultConfigurationName = Release;
		};
		B1553DFA28AC25630001C85E /* Build configuration list for PBXNativeTarget "GameListAppUITests" */ = {
			isa = XCConfigurationList;
			buildConfigurations = (
				B1553DFB28AC25630001C85E /* Debug */,
				B1553DFC28AC25630001C85E /* Release */,
			);
			defaultConfigurationIsVisible = 0;
			defaultConfigurationName = Release;
		};
/* End XCConfigurationList section */

/* Begin XCRemoteSwiftPackageReference section */
		B140412928AD101000B0CB57 /* XCRemoteSwiftPackageReference "Alamofire" */ = {
			isa = XCRemoteSwiftPackageReference;
			repositoryURL = "https://github.com/Alamofire/Alamofire";
			requirement = {
				kind = upToNextMajorVersion;
				minimumVersion = 5.0.0;
			};
		};
		B1553E0028AC29C30001C85E /* XCRemoteSwiftPackageReference "SnapKit" */ = {
			isa = XCRemoteSwiftPackageReference;
			repositoryURL = "https://github.com/SnapKit/SnapKit.git";
			requirement = {
				kind = upToNextMajorVersion;
				minimumVersion = 5.0.0;
			};
		};
		B1D1013028AE81CC005D1630 /* XCRemoteSwiftPackageReference "Kingfisher" */ = {
			isa = XCRemoteSwiftPackageReference;
			repositoryURL = "https://github.com/onevcat/Kingfisher.git";
			requirement = {
				kind = upToNextMajorVersion;
				minimumVersion = 7.0.0;
			};
		};
/* End XCRemoteSwiftPackageReference section */

/* Begin XCSwiftPackageProductDependency section */
		B140412A28AD101000B0CB57 /* Alamofire */ = {
			isa = XCSwiftPackageProductDependency;
			package = B140412928AD101000B0CB57 /* XCRemoteSwiftPackageReference "Alamofire" */;
			productName = Alamofire;
		};
		B1553E0128AC29C30001C85E /* SnapKit */ = {
			isa = XCSwiftPackageProductDependency;
			package = B1553E0028AC29C30001C85E /* XCRemoteSwiftPackageReference "SnapKit" */;
			productName = SnapKit;
		};
		B1D1013128AE81CC005D1630 /* Kingfisher */ = {
			isa = XCSwiftPackageProductDependency;
			package = B1D1013028AE81CC005D1630 /* XCRemoteSwiftPackageReference "Kingfisher" */;
			productName = Kingfisher;
		};
/* End XCSwiftPackageProductDependency section */

/* Begin XCVersionGroup section */
		B1553DD328AC25620001C85E /* GameListApp.xcdatamodeld */ = {
			isa = XCVersionGroup;
			children = (
				B1553DD428AC25620001C85E /* GameListApp.xcdatamodel */,
			);
			currentVersion = B1553DD428AC25620001C85E /* GameListApp.xcdatamodel */;
			path = GameListApp.xcdatamodeld;
			sourceTree = "<group>";
			usesTabs = 0;
			versionGroupType = wrapper.xcdatamodel;
		};
/* End XCVersionGroup section */
	};
	rootObject = B1553DBF28AC25620001C85E /* Project object */;
}
